{
  "nodes": {
    "conf2nix": {
      "inputs": {
        "crane": [
          "crane"
        ],
        "flake-compat": [
          "flake-compat"
        ],
        "flake-parts": [
          "flake-parts"
        ],
        "nixpkgs": [
          "nixpkgs"
        ],
        "treefmt-nix": [
          "treefmt-nix"
        ]
      },
      "locked": {
        "lastModified": 1749888259,
        "narHash": "sha256-FeRd25+RYQ/eld1lt974OsqzksUlXvcFhBFbZYAuIVA=",
        "owner": "linyinfeng",
        "repo": "conf2nix",
        "rev": "9c0060b752c81b896fad9ca1cc223b6ec02903cd",
        "type": "github"
      },
      "original": {
        "owner": "linyinfeng",
        "repo": "conf2nix",
        "type": "github"
      }
    },
    "crane": {
      "locked": {
        "lastModified": 1748970125,
        "narHash": "sha256-UDyigbDGv8fvs9aS95yzFfOKkEjx1LO3PL3DsKopohA=",
        "owner": "ipetkov",
        "repo": "crane",
        "rev": "323b5746d89e04b22554b061522dfce9e4c49b18",
        "type": "github"
      },
      "original": {
        "owner": "ipetkov",
        "repo": "crane",
        "type": "github"
      }
    },
    "disko": {
      "inputs": {
        "nixpkgs": [
          "nixpkgs"
        ]
      },
      "locked": {
        "lastModified": 1749436314,
        "narHash": "sha256-CqmqU5FRg5AadtIkxwu8ulDSOSoIisUMZRLlcED3Q5w=",
        "owner": "nix-community",
        "repo": "disko",
        "rev": "dfa4d1b9c39c0342ef133795127a3af14598017a",
        "type": "github"
      },
      "original": {
        "owner": "nix-community",
        "repo": "disko",
        "type": "github"
      }
    },
    "flake-compat": {
      "flake": false,
      "locked": {
        "lastModified": 1747046372,
        "narHash": "sha256-CIVLLkVgvHYbgI2UpXvIIBJ12HWgX+fjA8Xf8PUmqCY=",
        "owner": "edolstra",
        "repo": "flake-compat",
        "rev": "9100a0f413b0c601e0533d1d94ffd501ce2e7885",
        "type": "github"
      },
      "original": {
        "owner": "edolstra",
        "repo": "flake-compat",
        "type": "github"
      }
    },
    "flake-parts": {
      "inputs": {
        "nixpkgs-lib": [
          "nixpkgs"
        ]
      },
      "locked": {
        "lastModified": 1749398372,
        "narHash": "sha256-tYBdgS56eXYaWVW3fsnPQ/nFlgWi/Z2Ymhyu21zVM98=",
        "owner": "hercules-ci",
        "repo": "flake-parts",
        "rev": "9305fe4e5c2a6fcf5ba6a3ff155720fbe4076569",
        "type": "github"
      },
      "original": {
        "owner": "hercules-ci",
        "repo": "flake-parts",
        "type": "github"
      }
    },
    "kernel-config-options": {
      "flake": false,
      "locked": {
        "lastModified": 1742722360,
        "narHash": "sha256-663xN2W8xusdip3eQUoP7otCRqx+cg+Ny8Hdlwz33k8=",
        "owner": "hexdump0815",
        "repo": "kernel-config-options",
        "rev": "66ac080b6416ebb370530715acce9310263700ec",
        "type": "github"
      },
      "original": {
        "owner": "hexdump0815",
        "repo": "kernel-config-options",
        "type": "github"
      }
    },
    "kernel-extra-patches": {
      "flake": false,
      "locked": {
        "lastModified": 1747427556,
        "narHash": "sha256-3AAu6Wdj/A6DLZgJEIpvdRGdzJqiJxfvQ2FOZ5a5K2w=",
        "owner": "hexdump0815",
        "repo": "kernel-extra-patches",
        "rev": "5d540f8cb39dce9f177e40b875141fcda8633d35",
        "type": "github"
      },
      "original": {
        "owner": "hexdump0815",
        "repo": "kernel-extra-patches",
        "type": "github"
      }
    },
    "mt81xx-kernel": {
      "flake": false,
      "locked": {
        "lastModified": 1747898114,
        "narHash": "sha256-a3lwNwPYOGnW6MDpeAnA2o0RMrmG12m3evGdWMvYue4=",
        "owner": "hexdump0815",
        "repo": "linux-mainline-mediatek-mt81xx-kernel",
        "rev": "a1662da2fbef3b3f00f42835f7162d2d0d852541",
        "type": "github"
      },
      "original": {
        "owner": "hexdump0815",
        "repo": "linux-mainline-mediatek-mt81xx-kernel",
        "type": "github"
      }
    },
    "nixpkgs": {
      "locked": {
        "lastModified": 1748190013,
        "narHash": "sha256-R5HJFflOfsP5FBtk+zE8FpL8uqE7n62jqOsADvVshhE=",
        "owner": "nixos",
        "repo": "nixpkgs",
        "rev": "62b852f6c6742134ade1abdd2a21685fd617a291",
        "type": "github"
      },
      "original": {
        "owner": "nixos",
        "ref": "nixos-unstable",
        "repo": "nixpkgs",
        "type": "github"
      }
    },
    "root": {
      "inputs": {
        "conf2nix": "conf2nix",
        "crane": "crane",
        "disko": "disko",
        "flake-compat": "flake-compat",
        "flake-parts": "flake-parts",
        "kernel-config-options": "kernel-config-options",
        "kernel-extra-patches": "kernel-extra-patches",
        "mt81xx-kernel": "mt81xx-kernel",
        "nixpkgs": "nixpkgs",
        "treefmt-nix": "treefmt-nix"
      }
    },
    "treefmt-nix": {
      "inputs": {
        "nixpkgs": [
          "nixpkgs"
        ]
      },
      "locked": {
        "lastModified": 1749194973,
        "narHash": "sha256-eEy8cuS0mZ2j/r/FE0/LYBSBcIs/MKOIVakwHVuqTfk=",
        "owner": "numtide",
        "repo": "treefmt-nix",
        "rev": "a05be418a1af1198ca0f63facb13c985db4cb3c5",
        "type": "github"
      },
      "original": {
        "owner": "numtide",
        "repo": "treefmt-nix",
        "type": "github"
      }
    }
  },
  "root": "root",
  "version": 7
}
