{
  "nodes": {
    "alsa-ucm-conf-cros": {
      "flake": false,
      "locked": {
        "lastModified": 1747506801,
        "narHash": "sha256-Nrmh3zoY5gnAkALaM0S0AQv/qZwqY6xQ5w1vt1AIGTI=",
        "owner": "WeirdTreeThing",
        "repo": "alsa-ucm-conf-cros",
        "rev": "8eb9716a8a4d9cfcb1360a1325c7fe00f90fac6e",
        "type": "github"
      },
      "original": {
        "owner": "WeirdTreeThing",
        "repo": "alsa-ucm-conf-cros",
        "type": "github"
      }
    },
    "conf2nix": {
      "inputs": {
        "crane": [
          "crane"
        ],
        "flake-compat": [
          "flake-compat"
        ],
        "flake-parts": [
          "flake-parts"
        ],
        "nixpkgs": [
          "nixpkgs"
        ],
        "treefmt-nix": [
          "treefmt-nix"
        ]
      },
      "locked": {
        "lastModified": 1749888259,
        "narHash": "sha256-FeRd25+RYQ/eld1lt974OsqzksUlXvcFhBFbZYAuIVA=",
        "owner": "linyinfeng",
        "repo": "conf2nix",
        "rev": "9c0060b752c81b896fad9ca1cc223b6ec02903cd",
        "type": "github"
      },
      "original": {
        "owner": "linyinfeng",
        "repo": "conf2nix",
        "type": "github"
      }
    },
    "crane": {
      "locked": {
        "lastModified": 1748970125,
        "narHash": "sha256-UDyigbDGv8fvs9aS95yzFfOKkEjx1LO3PL3DsKopohA=",
        "owner": "ipetkov",
        "repo": "crane",
        "rev": "323b5746d89e04b22554b061522dfce9e4c49b18",
        "type": "github"
      },
      "original": {
        "owner": "ipetkov",
        "repo": "crane",
        "type": "github"
      }
    },
    "disko": {
      "inputs": {
        "nixpkgs": [
          "nixpkgs"
        ]
      },
      "locked": {
        "lastModified": 1749436314,
        "narHash": "sha256-CqmqU5FRg5AadtIkxwu8ulDSOSoIisUMZRLlcED3Q5w=",
        "owner": "nix-community",
        "repo": "disko",
        "rev": "dfa4d1b9c39c0342ef133795127a3af14598017a",
        "type": "github"
      },
      "original": {
        "owner": "nix-community",
        "repo": "disko",
        "type": "github"
      }
    },
    "flake-compat": {
      "flake": false,
      "locked": {
        "lastModified": 1747046372,
        "narHash": "sha256-CIVLLkVgvHYbgI2UpXvIIBJ12HWgX+fjA8Xf8PUmqCY=",
        "owner": "edolstra",
        "repo": "flake-compat",
        "rev": "9100a0f413b0c601e0533d1d94ffd501ce2e7885",
        "type": "github"
      },
      "original": {
        "owner": "edolstra",
        "repo": "flake-compat",
        "type": "github"
      }
    },
    "flake-parts": {
      "inputs": {
        "nixpkgs-lib": [
          "nixpkgs"
        ]
      },
      "locked": {
        "lastModified": 1749398372,
        "narHash": "sha256-tYBdgS56eXYaWVW3fsnPQ/nFlgWi/Z2Ymhyu21zVM98=",
        "owner": "hercules-ci",
        "repo": "flake-parts",
        "rev": "9305fe4e5c2a6fcf5ba6a3ff155720fbe4076569",
        "type": "github"
      },
      "original": {
        "owner": "hercules-ci",
        "repo": "flake-parts",
        "type": "github"
      }
    },
    "nixpkgs": {
      "locked": {
        "lastModified": 1748190013,
        "narHash": "sha256-R5HJFflOfsP5FBtk+zE8FpL8uqE7n62jqOsADvVshhE=",
        "owner": "nixos",
        "repo": "nixpkgs",
        "rev": "62b852f6c6742134ade1abdd2a21685fd617a291",
        "type": "github"
      },
      "original": {
        "owner": "nixos",
        "ref": "nixos-unstable",
        "repo": "nixpkgs",
        "type": "github"
      }
    },
    "pmaports": {
      "flake": false,
      "locked": {
        "host": "gitlab.postmarketos.org",
        "lastModified": 1750082276,
        "narHash": "sha256-fvj2DtsatAHac2Nhe6031iA2yxzmU9MHP7moJPnSUN0=",
        "owner": "postmarketOS",
        "repo": "pmaports",
        "rev": "bce020ea3625cda8ed65fb10a2b397144b58d5d9",
        "type": "gitlab"
      },
      "original": {
        "host": "gitlab.postmarketos.org",
        "owner": "postmarketOS",
        "repo": "pmaports",
        "type": "gitlab"
      }
    },
    "root": {
      "inputs": {
        "alsa-ucm-conf-cros": "alsa-ucm-conf-cros",
        "conf2nix": "conf2nix",
        "crane": "crane",
        "disko": "disko",
        "flake-compat": "flake-compat",
        "flake-parts": "flake-parts",
        "nixpkgs": "nixpkgs",
        "pmaports": "pmaports",
        "treefmt-nix": "treefmt-nix"
      }
    },
    "treefmt-nix": {
      "inputs": {
        "nixpkgs": [
          "nixpkgs"
        ]
      },
      "locked": {
        "lastModified": 1749194973,
        "narHash": "sha256-eEy8cuS0mZ2j/r/FE0/LYBSBcIs/MKOIVakwHVuqTfk=",
        "owner": "numtide",
        "repo": "treefmt-nix",
        "rev": "a05be418a1af1198ca0f63facb13c985db4cb3c5",
        "type": "github"
      },
      "original": {
        "owner": "numtide",
        "repo": "treefmt-nix",
        "type": "github"
      }
    }
  },
  "root": "root",
  "version": 7
}
